
Microsoft Visual Studio Solution File, Format Version 12.00
# Visual Studio Version 17
VisualStudioVersion = 17.11.35312.102
MinimumVisualStudioVersion = 10.0.40219.1
Project("{9A19103F-16F7-4668-BE54-9A1E7A4F7556}") = "FlyingCargoProject.Models", "FlyingCargo.Models\FlyingCargoProject.Models.csproj", "{0AEAF508-FED2-4968-B71C-A55FC7C2F46B}"
EndProject
Project("{FAE04EC0-301F-11D3-BF4B-00C04F79EFBC}") = "FlyingCargoProject.Api", "FlyingCargoProject.Api\FlyingCargoProject.Api.csproj", "{D4AD8C26-922C-4D80-A211-0759AA68348C}"
EndProject
Project("{FAE04EC0-301F-11D3-BF4B-00C04F79EFBC}") = "FlyingCargoProject.Gui", "FlyingCargoProject.Gui\FlyingCargoProject.Gui.csproj", "{403EF2E0-88B0-497B-992C-A5B9C391B79E}"
EndProject
Global
	GlobalSection(SolutionConfigurationPlatforms) = preSolution
		Debug|Any CPU = Debug|Any CPU
		Release|Any CPU = Release|Any CPU
	EndGlobalSection
	GlobalSection(ProjectConfigurationPlatforms) = postSolution
		{0AEAF508-FED2-4968-B71C-A55FC7C2F46B}.Debug|Any CPU.ActiveCfg = Debug|Any CPU
		{0AEAF508-FED2-4968-B71C-A55FC7C2F46B}.Debug|Any CPU.Build.0 = Debug|Any CPU
		{0AEAF508-FED2-4968-B71C-A55FC7C2F46B}.Release|Any CPU.ActiveCfg = Release|Any CPU
		{0AEAF508-FED2-4968-B71C-A55FC7C2F46B}.Release|Any CPU.Build.0 = Release|Any CPU
		{D4AD8C26-922C-4D80-A211-0759AA68348C}.Debug|Any CPU.ActiveCfg = Debug|Any CPU
		{D4AD8C26-922C-4D80-A211-0759AA68348C}.Debug|Any CPU.Build.0 = Debug|Any CPU
		{D4AD8C26-922C-4D80-A211-0759AA68348C}.Release|Any CPU.ActiveCfg = Release|Any CPU
		{D4AD8C26-922C-4D80-A211-0759AA68348C}.Release|Any CPU.Build.0 = Release|Any CPU
		{403EF2E0-88B0-497B-992C-A5B9C391B79E}.Debug|Any CPU.ActiveCfg = Debug|Any CPU
		{403EF2E0-88B0-497B-992C-A5B9C391B79E}.Debug|Any CPU.Build.0 = Debug|Any CPU
		{403EF2E0-88B0-497B-992C-A5B9C391B79E}.Release|Any CPU.ActiveCfg = Release|Any CPU
		{403EF2E0-88B0-497B-992C-A5B9C391B79E}.Release|Any CPU.Build.0 = Release|Any CPU
	EndGlobalSection
	GlobalSection(SolutionProperties) = preSolution
		HideSolutionNode = FALSE
	EndGlobalSection
	GlobalSection(ExtensibilityGlobals) = postSolution
		SolutionGuid = {D3C9024A-0D06-4A6D-8EE1-B4AE7EB8E97E}
	EndGlobalSection
EndGlobal
